
Microsoft Visual Studio Solution File, Format Version 12.00
# Visual Studio Version 17
VisualStudioVersion = 17.5.33424.131
MinimumVisualStudioVersion = 10.0.40219.1
Project("{FAE04EC0-301F-11D3-BF4B-00C04F79EFBC}") = "JokesWebApp", "JokesWebApp\JokesWebApp.csproj", "{8B096581-FDE2-424D-B6D2-908EF5F193F4}"
EndProject
Global
	GlobalSection(SolutionConfigurationPlatforms) = preSolution
		Debug|Any CPU = Debug|Any CPU
		Release|Any CPU = Release|Any CPU
	EndGlobalSection
	GlobalSection(ProjectConfigurationPlatforms) = postSolution
		{8B096581-FDE2-424D-B6D2-908EF5F193F4}.Debug|Any CPU.ActiveCfg = Debug|Any CPU
		{8B096581-FDE2-424D-B6D2-908EF5F193F4}.Debug|Any CPU.Build.0 = Debug|Any CPU
		{8B096581-FDE2-424D-B6D2-908EF5F193F4}.Release|Any CPU.ActiveCfg = Release|Any CPU
		{8B096581-FDE2-424D-B6D2-908EF5F193F4}.Release|Any CPU.Build.0 = Release|Any CPU
	EndGlobalSection
	GlobalSection(SolutionProperties) = preSolution
		HideSolutionNode = FALSE
	EndGlobalSection
	GlobalSection(ExtensibilityGlobals) = postSolution
		SolutionGuid = {CC590647-4608-4770-9820-1D051E2CEA3E}
	EndGlobalSection
EndGlobal
